
Microsoft Visual Studio Solution File, Format Version 12.00
# Visual Studio 15
VisualStudioVersion = 15.0.26430.16
MinimumVisualStudioVersion = 10.0.40219.1
Project("{9A19103F-16F7-4668-BE54-9A1E7A4F7556}") = "FluentValidationSample", "FluentValidationSample\FluentValidationSample.csproj", "{B14465EF-E02E-45BF-860A-9D02BE89E5D2}"
EndProject
Project("{FAE04EC0-301F-11D3-BF4B-00C04F79EFBC}") = "FluentValidationSample.Test", "FluentValidationSample.Test\FluentValidationSample.Test.csproj", "{33FE130A-7824-44E4-B1D3-AFF21BCD172F}"
EndProject
Global
	GlobalSection(SolutionConfigurationPlatforms) = preSolution
		Debug|Any CPU = Debug|Any CPU
		Release|Any CPU = Release|Any CPU
	EndGlobalSection
	GlobalSection(ProjectConfigurationPlatforms) = postSolution
		{B14465EF-E02E-45BF-860A-9D02BE89E5D2}.Debug|Any CPU.ActiveCfg = Debug|Any CPU
		{B14465EF-E02E-45BF-860A-9D02BE89E5D2}.Debug|Any CPU.Build.0 = Debug|Any CPU
		{B14465EF-E02E-45BF-860A-9D02BE89E5D2}.Release|Any CPU.ActiveCfg = Release|Any CPU
		{B14465EF-E02E-45BF-860A-9D02BE89E5D2}.Release|Any CPU.Build.0 = Release|Any CPU
		{33FE130A-7824-44E4-B1D3-AFF21BCD172F}.Debug|Any CPU.ActiveCfg = Debug|Any CPU
		{33FE130A-7824-44E4-B1D3-AFF21BCD172F}.Debug|Any CPU.Build.0 = Debug|Any CPU
		{33FE130A-7824-44E4-B1D3-AFF21BCD172F}.Release|Any CPU.ActiveCfg = Release|Any CPU
		{33FE130A-7824-44E4-B1D3-AFF21BCD172F}.Release|Any CPU.Build.0 = Release|Any CPU
	EndGlobalSection
	GlobalSection(SolutionProperties) = preSolution
		HideSolutionNode = FALSE
	EndGlobalSection
EndGlobal
